# This file is automatically @generated by Cargo.
# It is not intended for manual editing.
version = 4

[[package]]
name = "allay-backend"
version = "0.1.0"

[[package]]
name = "allay-cli"
version = "0.1.0"
dependencies = [
 "allay-md-parser",
]

[[package]]
name = "allay-md-parser"
version = "0.1.0"
